
Microsoft Visual Studio Solution File, Format Version 12.00
# Visual Studio Version 17
VisualStudioVersion = 17.10.35122.118
MinimumVisualStudioVersion = 10.0.40219.1
Project("{FAE04EC0-301F-11D3-BF4B-00C04F79EFBC}") = "FileAnalyzer", "Question2\FileAnalyzer.csproj", "{15C33829-E066-4997-AEE8-601EDD7BC670}"
EndProject
Project("{FAE04EC0-301F-11D3-BF4B-00C04F79EFBC}") = "TaskScheduler", "Question3\TaskScheduler.csproj", "{1B142629-DD2C-4C7B-87F7-F72020716488}"
EndProject
Project("{FAE04EC0-301F-11D3-BF4B-00C04F79EFBC}") = "CommandLineCalculator", "Question1\CommandLineCalculator.csproj", "{8270C0E4-ACB2-4270-A67A-FA9606009709}"
EndProject
Project("{2150E333-8FDC-42A3-9474-1A3956D46DE8}") = "HW_03", "HW_03", "{02EA681E-C7D8-13C7-8484-4AC65E1B71E8}"
EndProject
Project("{2150E333-8FDC-42A3-9474-1A3956D46DE8}") = "HW_04", "HW_04", "{43CE7955-D07C-406C-9454-197581E332EF}"
EndProject
Project("{FAE04EC0-301F-11D3-BF4B-00C04F79EFBC}") = "ToDo", "LibraryItem\ToDo.csproj", "{2AC1F482-6D65-42DE-8A47-D3BFD8AF117A}"
EndProject
Project("{FAE04EC0-301F-11D3-BF4B-00C04F79EFBC}") = "AdvanceTodo", "AdvanceTodo\AdvanceTodo.csproj", "{B05A33B9-FAD6-40AA-91F3-E766FE7932FF}"
EndProject
Project("{2150E333-8FDC-42A3-9474-1A3956D46DE8}") = "HW_06", "HW_06", "{54E00F9F-3BAE-4B62-ACBB-70B4EDA97F83}"
EndProject
Project("{FAE04EC0-301F-11D3-BF4B-00C04F79EFBC}") = "HW1_6", "HW1\HW1_6.csproj", "{86C44618-B52E-47EE-BE7F-7A60C9E77EE1}"
EndProject
Project("{FAE04EC0-301F-11D3-BF4B-00C04F79EFBC}") = "HW2_6", "HW2\HW2_6.csproj", "{A33A1506-43A3-4E2E-92A0-D3ECD6870B00}"
EndProject
Project("{FAE04EC0-301F-11D3-BF4B-00C04F79EFBC}") = "HW3_6", "HW3\HW3_6.csproj", "{1C07832D-8FD6-4AFF-A6DB-EA253C7B394A}"
EndProject
Project("{2150E333-8FDC-42A3-9474-1A3956D46DE8}") = "HW_05", "HW_05", "{87103E75-0400-48F5-96C6-A5F549BAC052}"
EndProject
Project("{FAE04EC0-301F-11D3-BF4B-00C04F79EFBC}") = "HW1_5", "HW1_5\HW1_5.csproj", "{190559C5-0FBA-4A27-A30F-15CFCC3E54EB}"
EndProject
Project("{FAE04EC0-301F-11D3-BF4B-00C04F79EFBC}") = "HW2_5", "HW2_5\HW2_5.csproj", "{C66BAE53-9B69-4312-8663-5FD1AC500960}"
EndProject
Project("{FAE04EC0-301F-11D3-BF4B-00C04F79EFBC}") = "HW3_5", "HW3_5\HW3_5.csproj", "{EB41E8E0-ED95-4143-9657-EEC9C617BC43}"
EndProject
Global
	GlobalSection(SolutionConfigurationPlatforms) = preSolution
		Debug|Any CPU = Debug|Any CPU
		Release|Any CPU = Release|Any CPU
	EndGlobalSection
	GlobalSection(ProjectConfigurationPlatforms) = postSolution
		{15C33829-E066-4997-AEE8-601EDD7BC670}.Debug|Any CPU.ActiveCfg = Debug|Any CPU
		{15C33829-E066-4997-AEE8-601EDD7BC670}.Debug|Any CPU.Build.0 = Debug|Any CPU
		{15C33829-E066-4997-AEE8-601EDD7BC670}.Release|Any CPU.ActiveCfg = Release|Any CPU
		{15C33829-E066-4997-AEE8-601EDD7BC670}.Release|Any CPU.Build.0 = Release|Any CPU
		{1B142629-DD2C-4C7B-87F7-F72020716488}.Debug|Any CPU.ActiveCfg = Debug|Any CPU
		{1B142629-DD2C-4C7B-87F7-F72020716488}.Debug|Any CPU.Build.0 = Debug|Any CPU
		{1B142629-DD2C-4C7B-87F7-F72020716488}.Release|Any CPU.ActiveCfg = Release|Any CPU
		{1B142629-DD2C-4C7B-87F7-F72020716488}.Release|Any CPU.Build.0 = Release|Any CPU
		{8270C0E4-ACB2-4270-A67A-FA9606009709}.Debug|Any CPU.ActiveCfg = Debug|Any CPU
		{8270C0E4-ACB2-4270-A67A-FA9606009709}.Debug|Any CPU.Build.0 = Debug|Any CPU
		{8270C0E4-ACB2-4270-A67A-FA9606009709}.Release|Any CPU.ActiveCfg = Release|Any CPU
		{8270C0E4-ACB2-4270-A67A-FA9606009709}.Release|Any CPU.Build.0 = Release|Any CPU
		{2AC1F482-6D65-42DE-8A47-D3BFD8AF117A}.Debug|Any CPU.ActiveCfg = Debug|Any CPU
		{2AC1F482-6D65-42DE-8A47-D3BFD8AF117A}.Debug|Any CPU.Build.0 = Debug|Any CPU
		{2AC1F482-6D65-42DE-8A47-D3BFD8AF117A}.Release|Any CPU.ActiveCfg = Release|Any CPU
		{2AC1F482-6D65-42DE-8A47-D3BFD8AF117A}.Release|Any CPU.Build.0 = Release|Any CPU
		{B05A33B9-FAD6-40AA-91F3-E766FE7932FF}.Debug|Any CPU.ActiveCfg = Debug|Any CPU
		{B05A33B9-FAD6-40AA-91F3-E766FE7932FF}.Debug|Any CPU.Build.0 = Debug|Any CPU
		{B05A33B9-FAD6-40AA-91F3-E766FE7932FF}.Release|Any CPU.ActiveCfg = Release|Any CPU
		{B05A33B9-FAD6-40AA-91F3-E766FE7932FF}.Release|Any CPU.Build.0 = Release|Any CPU
		{86C44618-B52E-47EE-BE7F-7A60C9E77EE1}.Debug|Any CPU.ActiveCfg = Debug|Any CPU
		{86C44618-B52E-47EE-BE7F-7A60C9E77EE1}.Debug|Any CPU.Build.0 = Debug|Any CPU
		{86C44618-B52E-47EE-BE7F-7A60C9E77EE1}.Release|Any CPU.ActiveCfg = Release|Any CPU
		{86C44618-B52E-47EE-BE7F-7A60C9E77EE1}.Release|Any CPU.Build.0 = Release|Any CPU
		{A33A1506-43A3-4E2E-92A0-D3ECD6870B00}.Debug|Any CPU.ActiveCfg = Debug|Any CPU
		{A33A1506-43A3-4E2E-92A0-D3ECD6870B00}.Debug|Any CPU.Build.0 = Debug|Any CPU
		{A33A1506-43A3-4E2E-92A0-D3ECD6870B00}.Release|Any CPU.ActiveCfg = Release|Any CPU
		{A33A1506-43A3-4E2E-92A0-D3ECD6870B00}.Release|Any CPU.Build.0 = Release|Any CPU
		{1C07832D-8FD6-4AFF-A6DB-EA253C7B394A}.Debug|Any CPU.ActiveCfg = Debug|Any CPU
		{1C07832D-8FD6-4AFF-A6DB-EA253C7B394A}.Debug|Any CPU.Build.0 = Debug|Any CPU
		{1C07832D-8FD6-4AFF-A6DB-EA253C7B394A}.Release|Any CPU.ActiveCfg = Release|Any CPU
		{1C07832D-8FD6-4AFF-A6DB-EA253C7B394A}.Release|Any CPU.Build.0 = Release|Any CPU
		{190559C5-0FBA-4A27-A30F-15CFCC3E54EB}.Debug|Any CPU.ActiveCfg = Debug|Any CPU
		{190559C5-0FBA-4A27-A30F-15CFCC3E54EB}.Debug|Any CPU.Build.0 = Debug|Any CPU
		{190559C5-0FBA-4A27-A30F-15CFCC3E54EB}.Release|Any CPU.ActiveCfg = Release|Any CPU
		{190559C5-0FBA-4A27-A30F-15CFCC3E54EB}.Release|Any CPU.Build.0 = Release|Any CPU
		{C66BAE53-9B69-4312-8663-5FD1AC500960}.Debug|Any CPU.ActiveCfg = Debug|Any CPU
		{C66BAE53-9B69-4312-8663-5FD1AC500960}.Debug|Any CPU.Build.0 = Debug|Any CPU
		{C66BAE53-9B69-4312-8663-5FD1AC500960}.Release|Any CPU.ActiveCfg = Release|Any CPU
		{C66BAE53-9B69-4312-8663-5FD1AC500960}.Release|Any CPU.Build.0 = Release|Any CPU
		{EB41E8E0-ED95-4143-9657-EEC9C617BC43}.Debug|Any CPU.ActiveCfg = Debug|Any CPU
		{EB41E8E0-ED95-4143-9657-EEC9C617BC43}.Debug|Any CPU.Build.0 = Debug|Any CPU
		{EB41E8E0-ED95-4143-9657-EEC9C617BC43}.Release|Any CPU.ActiveCfg = Release|Any CPU
		{EB41E8E0-ED95-4143-9657-EEC9C617BC43}.Release|Any CPU.Build.0 = Release|Any CPU
	EndGlobalSection
	GlobalSection(SolutionProperties) = preSolution
		HideSolutionNode = FALSE
	EndGlobalSection
	GlobalSection(NestedProjects) = preSolution
		{15C33829-E066-4997-AEE8-601EDD7BC670} = {02EA681E-C7D8-13C7-8484-4AC65E1B71E8}
		{1B142629-DD2C-4C7B-87F7-F72020716488} = {02EA681E-C7D8-13C7-8484-4AC65E1B71E8}
		{8270C0E4-ACB2-4270-A67A-FA9606009709} = {02EA681E-C7D8-13C7-8484-4AC65E1B71E8}
		{2AC1F482-6D65-42DE-8A47-D3BFD8AF117A} = {43CE7955-D07C-406C-9454-197581E332EF}
		{B05A33B9-FAD6-40AA-91F3-E766FE7932FF} = {43CE7955-D07C-406C-9454-197581E332EF}
		{86C44618-B52E-47EE-BE7F-7A60C9E77EE1} = {54E00F9F-3BAE-4B62-ACBB-70B4EDA97F83}
		{A33A1506-43A3-4E2E-92A0-D3ECD6870B00} = {54E00F9F-3BAE-4B62-ACBB-70B4EDA97F83}
		{1C07832D-8FD6-4AFF-A6DB-EA253C7B394A} = {54E00F9F-3BAE-4B62-ACBB-70B4EDA97F83}
		{190559C5-0FBA-4A27-A30F-15CFCC3E54EB} = {87103E75-0400-48F5-96C6-A5F549BAC052}
		{C66BAE53-9B69-4312-8663-5FD1AC500960} = {87103E75-0400-48F5-96C6-A5F549BAC052}
		{EB41E8E0-ED95-4143-9657-EEC9C617BC43} = {87103E75-0400-48F5-96C6-A5F549BAC052}
	EndGlobalSection
	GlobalSection(ExtensibilityGlobals) = postSolution
		SolutionGuid = {10D1F5D8-215E-4300-B709-40D88AE51D23}
	EndGlobalSection
EndGlobal
